// !$*UTF8*$!
{
	archiveVersion = 1;
	classes = {
	};
	objectVersion = 77;
	objects = {

/* Begin PBXBuildFile section */
		097798162DE3A92700EF3CF1 /* README.md in Resources */ = {isa = PBXBuildFile; fileRef = 097798152DE3A92700EF3CF1 /* README.md */; };
		097798182DE3A95F00EF3CF1 /* LICENSE in Resources */ = {isa = PBXBuildFile; fileRef = 097798172DE3A95F00EF3CF1 /* LICENSE */; };
		098CAF242D048CFA00EA3177 /* KeyboardShortcuts in Frameworks */ = {isa = PBXBuildFile; productRef = 098CAF232D048CFA00EA3177 /* KeyboardShortcuts */; };
/* End PBXBuildFile section */

/* Begin PBXContainerItemProxy section */
		09474BF72CF8C3A8007AA4BE /* PBXContainerItemProxy */ = {
			isa = PBXContainerItemProxy;
			containerPortal = 09474BDD2CF8C3A6007AA4BE /* Project object */;
			proxyType = 1;
			remoteGlobalIDString = 09474BE42CF8C3A6007AA4BE;
			remoteInfo = sonus;
		};
		09474C012CF8C3A8007AA4BE /* PBXContainerItemProxy */ = {
			isa = PBXContainerItemProxy;
			containerPortal = 09474BDD2CF8C3A6007AA4BE /* Project object */;
			proxyType = 1;
			remoteGlobalIDString = 09474BE42CF8C3A6007AA4BE;
			remoteInfo = sonus;
		};
/* End PBXContainerItemProxy section */

/* Begin PBXFileReference section */
		09474BE52CF8C3A6007AA4BE /* sonus.app */ = {isa = PBXFileReference; explicitFileType = wrapper.application; includeInIndex = 0; path = sonus.app; sourceTree = BUILT_PRODUCTS_DIR; };
		09474BF62CF8C3A8007AA4BE /* sonusTests.xctest */ = {isa = PBXFileReference; explicitFileType = wrapper.cfbundle; includeInIndex = 0; path = sonusTests.xctest; sourceTree = BUILT_PRODUCTS_DIR; };
		09474C002CF8C3A8007AA4BE /* sonusUITests.xctest */ = {isa = PBXFileReference; explicitFileType = wrapper.cfbundle; includeInIndex = 0; path = sonusUITests.xctest; sourceTree = BUILT_PRODUCTS_DIR; };
		097798152DE3A92700EF3CF1 /* README.md */ = {isa = PBXFileReference; lastKnownFileType = net.daringfireball.markdown; path = README.md; sourceTree = "<group>"; };
		097798172DE3A95F00EF3CF1 /* LICENSE */ = {isa = PBXFileReference; lastKnownFileType = text; path = LICENSE; sourceTree = "<group>"; };
/* End PBXFileReference section */

/* Begin PBXFileSystemSynchronizedBuildFileExceptionSet section */
		09474C3C2CFA263A007AA4BE /* Exceptions for "sonus" folder in "sonus" target */ = {
			isa = PBXFileSystemSynchronizedBuildFileExceptionSet;
			membershipExceptions = (
				Info.plist,
			);
			target = 09474BE42CF8C3A6007AA4BE /* sonus */;
		};
/* End PBXFileSystemSynchronizedBuildFileExceptionSet section */

/* Begin PBXFileSystemSynchronizedRootGroup section */
		09474BE72CF8C3A6007AA4BE /* sonus */ = {
			isa = PBXFileSystemSynchronizedRootGroup;
			exceptions = (
				09474C3C2CFA263A007AA4BE /* Exceptions for "sonus" folder in "sonus" target */,
			);
			path = sonus;
			sourceTree = "<group>";
		};
		09474BF92CF8C3A8007AA4BE /* sonusTests */ = {
			isa = PBXFileSystemSynchronizedRootGroup;
			path = sonusTests;
			sourceTree = "<group>";
		};
		09474C032CF8C3A8007AA4BE /* sonusUITests */ = {
			isa = PBXFileSystemSynchronizedRootGroup;
			path = sonusUITests;
			sourceTree = "<group>";
		};
/* End PBXFileSystemSynchronizedRootGroup section */

/* Begin PBXFrameworksBuildPhase section */
		09474BE22CF8C3A6007AA4BE /* Frameworks */ = {
			isa = PBXFrameworksBuildPhase;
			buildActionMask = 2147483647;
			files = (
				098CAF242D048CFA00EA3177 /* KeyboardShortcuts in Frameworks */,
			);
			runOnlyForDeploymentPostprocessing = 0;
		};
		09474BF32CF8C3A8007AA4BE /* Frameworks */ = {
			isa = PBXFrameworksBuildPhase;
			buildActionMask = 2147483647;
			files = (
			);
			runOnlyForDeploymentPostprocessing = 0;
		};
		09474BFD2CF8C3A8007AA4BE /* Frameworks */ = {
			isa = PBXFrameworksBuildPhase;
			buildActionMask = 2147483647;
			files = (
			);
			runOnlyForDeploymentPostprocessing = 0;
		};
/* End PBXFrameworksBuildPhase section */

/* Begin PBXGroup section */
		09474BDC2CF8C3A6007AA4BE = {
			isa = PBXGroup;
			children = (
				09474BE72CF8C3A6007AA4BE /* sonus */,
				09474BF92CF8C3A8007AA4BE /* sonusTests */,
				09474C032CF8C3A8007AA4BE /* sonusUITests */,
				09474BE62CF8C3A6007AA4BE /* Products */,
				097798152DE3A92700EF3CF1 /* README.md */,
				097798172DE3A95F00EF3CF1 /* LICENSE */,
			);
			sourceTree = "<group>";
		};
		09474BE62CF8C3A6007AA4BE /* Products */ = {
			isa = PBXGroup;
			children = (
				09474BE52CF8C3A6007AA4BE /* sonus.app */,
				09474BF62CF8C3A8007AA4BE /* sonusTests.xctest */,
				09474C002CF8C3A8007AA4BE /* sonusUITests.xctest */,
			);
			name = Products;
			sourceTree = "<group>";
		};
/* End PBXGroup section */

/* Begin PBXNativeTarget section */
		09474BE42CF8C3A6007AA4BE /* sonus */ = {
			isa = PBXNativeTarget;
			buildConfigurationList = 09474C0A2CF8C3A8007AA4BE /* Build configuration list for PBXNativeTarget "sonus" */;
			buildPhases = (
				09474BE12CF8C3A6007AA4BE /* Sources */,
				09474BE22CF8C3A6007AA4BE /* Frameworks */,
				09474BE32CF8C3A6007AA4BE /* Resources */,
			);
			buildRules = (
			);
			dependencies = (
			);
			fileSystemSynchronizedGroups = (
				09474BE72CF8C3A6007AA4BE /* sonus */,
			);
			name = sonus;
			packageProductDependencies = (
				098CAF232D048CFA00EA3177 /* KeyboardShortcuts */,
			);
			productName = sonus;
			productReference = 09474BE52CF8C3A6007AA4BE /* sonus.app */;
			productType = "com.apple.product-type.application";
		};
		09474BF52CF8C3A8007AA4BE /* sonusTests */ = {
			isa = PBXNativeTarget;
			buildConfigurationList = 09474C0D2CF8C3A8007AA4BE /* Build configuration list for PBXNativeTarget "sonusTests" */;
			buildPhases = (
				09474BF22CF8C3A8007AA4BE /* Sources */,
				09474BF32CF8C3A8007AA4BE /* Frameworks */,
				09474BF42CF8C3A8007AA4BE /* Resources */,
			);
			buildRules = (
			);
			dependencies = (
				09474BF82CF8C3A8007AA4BE /* PBXTargetDependency */,
			);
			fileSystemSynchronizedGroups = (
				09474BF92CF8C3A8007AA4BE /* sonusTests */,
			);
			name = sonusTests;
			packageProductDependencies = (
			);
			productName = sonusTests;
			productReference = 09474BF62CF8C3A8007AA4BE /* sonusTests.xctest */;
			productType = "com.apple.product-type.bundle.unit-test";
		};
		09474BFF2CF8C3A8007AA4BE /* sonusUITests */ = {
			isa = PBXNativeTarget;
			buildConfigurationList = 09474C102CF8C3A8007AA4BE /* Build configuration list for PBXNativeTarget "sonusUITests" */;
			buildPhases = (
				09474BFC2CF8C3A8007AA4BE /* Sources */,
				09474BFD2CF8C3A8007AA4BE /* Frameworks */,
				09474BFE2CF8C3A8007AA4BE /* Resources */,
			);
			buildRules = (
			);
			dependencies = (
				09474C022CF8C3A8007AA4BE /* PBXTargetDependency */,
			);
			fileSystemSynchronizedGroups = (
				09474C032CF8C3A8007AA4BE /* sonusUITests */,
			);
			name = sonusUITests;
			packageProductDependencies = (
			);
			productName = sonusUITests;
			productReference = 09474C002CF8C3A8007AA4BE /* sonusUITests.xctest */;
			productType = "com.apple.product-type.bundle.ui-testing";
		};
/* End PBXNativeTarget section */

/* Begin PBXProject section */
		09474BDD2CF8C3A6007AA4BE /* Project object */ = {
			isa = PBXProject;
			attributes = {
				BuildIndependentTargetsInParallel = 1;
				LastSwiftUpdateCheck = 1610;
				LastUpgradeCheck = 1610;
				TargetAttributes = {
					09474BE42CF8C3A6007AA4BE = {
						CreatedOnToolsVersion = 16.1;
					};
					09474BF52CF8C3A8007AA4BE = {
						CreatedOnToolsVersion = 16.1;
						TestTargetID = 09474BE42CF8C3A6007AA4BE;
					};
					09474BFF2CF8C3A8007AA4BE = {
						CreatedOnToolsVersion = 16.1;
						TestTargetID = 09474BE42CF8C3A6007AA4BE;
					};
				};
			};
			buildConfigurationList = 09474BE02CF8C3A6007AA4BE /* Build configuration list for PBXProject "sonus" */;
			developmentRegion = en;
			hasScannedForEncodings = 0;
			knownRegions = (
				en,
				Base,
			);
			mainGroup = 09474BDC2CF8C3A6007AA4BE;
			minimizedProjectReferenceProxies = 1;
			packageReferences = (
				098CAF222D048CFA00EA3177 /* XCRemoteSwiftPackageReference "KeyboardShortcuts" */,
			);
			preferredProjectObjectVersion = 77;
			productRefGroup = 09474BE62CF8C3A6007AA4BE /* Products */;
			projectDirPath = "";
			projectRoot = "";
			targets = (
				09474BE42CF8C3A6007AA4BE /* sonus */,
				09474BF52CF8C3A8007AA4BE /* sonusTests */,
				09474BFF2CF8C3A8007AA4BE /* sonusUITests */,
			);
		};
/* End PBXProject section */

/* Begin PBXResourcesBuildPhase section */
		09474BE32CF8C3A6007AA4BE /* Resources */ = {
			isa = PBXResourcesBuildPhase;
			buildActionMask = 2147483647;
			files = (
				097798162DE3A92700EF3CF1 /* README.md in Resources */,
				097798182DE3A95F00EF3CF1 /* LICENSE in Resources */,
			);
			runOnlyForDeploymentPostprocessing = 0;
		};
		09474BF42CF8C3A8007AA4BE /* Resources */ = {
			isa = PBXResourcesBuildPhase;
			buildActionMask = 2147483647;
			files = (
			);
			runOnlyForDeploymentPostprocessing = 0;
		};
		09474BFE2CF8C3A8007AA4BE /* Resources */ = {
			isa = PBXResourcesBuildPhase;
			buildActionMask = 2147483647;
			files = (
			);
			runOnlyForDeploymentPostprocessing = 0;
		};
/* End PBXResourcesBuildPhase section */

/* Begin PBXSourcesBuildPhase section */
		09474BE12CF8C3A6007AA4BE /* Sources */ = {
			isa = PBXSourcesBuildPhase;
			buildActionMask = 2147483647;
			files = (
			);
			runOnlyForDeploymentPostprocessing = 0;
		};
		09474BF22CF8C3A8007AA4BE /* Sources */ = {
			isa = PBXSourcesBuildPhase;
			buildActionMask = 2147483647;
			files = (
			);
			runOnlyForDeploymentPostprocessing = 0;
		};
		09474BFC2CF8C3A8007AA4BE /* Sources */ = {
			isa = PBXSourcesBuildPhase;
			buildActionMask = 2147483647;
			files = (
			);
			runOnlyForDeploymentPostprocessing = 0;
		};
/* End PBXSourcesBuildPhase section */

/* Begin PBXTargetDependency section */
		09474BF82CF8C3A8007AA4BE /* PBXTargetDependency */ = {
			isa = PBXTargetDependency;
			target = 09474BE42CF8C3A6007AA4BE /* sonus */;
			targetProxy = 09474BF72CF8C3A8007AA4BE /* PBXContainerItemProxy */;
		};
		09474C022CF8C3A8007AA4BE /* PBXTargetDependency */ = {
			isa = PBXTargetDependency;
			target = 09474BE42CF8C3A6007AA4BE /* sonus */;
			targetProxy = 09474C012CF8C3A8007AA4BE /* PBXContainerItemProxy */;
		};
/* End PBXTargetDependency section */

/* Begin XCBuildConfiguration section */
		09474C082CF8C3A8007AA4BE /* Debug */ = {
			isa = XCBuildConfiguration;
			buildSettings = {
				ALWAYS_SEARCH_USER_PATHS = NO;
				ASSETCATALOG_COMPILER_GENERATE_SWIFT_ASSET_SYMBOL_EXTENSIONS = YES;
				CLANG_ANALYZER_NONNULL = YES;
				CLANG_ANALYZER_NUMBER_OBJECT_CONVERSION = YES_AGGRESSIVE;
				CLANG_CXX_LANGUAGE_STANDARD = "gnu++20";
				CLANG_ENABLE_MODULES = YES;
				CLANG_ENABLE_OBJC_ARC = YES;
				CLANG_ENABLE_OBJC_WEAK = YES;
				CLANG_WARN_BLOCK_CAPTURE_AUTORELEASING = YES;
				CLANG_WARN_BOOL_CONVERSION = YES;
				CLANG_WARN_COMMA = YES;
				CLANG_WARN_CONSTANT_CONVERSION = YES;
				CLANG_WARN_DEPRECATED_OBJC_IMPLEMENTATIONS = YES;
				CLANG_WARN_DIRECT_OBJC_ISA_USAGE = YES_ERROR;
				CLANG_WARN_DOCUMENTATION_COMMENTS = YES;
				CLANG_WARN_EMPTY_BODY = YES;
				CLANG_WARN_ENUM_CONVERSION = YES;
				CLANG_WARN_INFINITE_RECURSION = YES;
				CLANG_WARN_INT_CONVERSION = YES;
				CLANG_WARN_NON_LITERAL_NULL_CONVERSION = YES;
				CLANG_WARN_OBJC_IMPLICIT_RETAIN_SELF = YES;
				CLANG_WARN_OBJC_LITERAL_CONVERSION = YES;
				CLANG_WARN_OBJC_ROOT_CLASS = YES_ERROR;
				CLANG_WARN_QUOTED_INCLUDE_IN_FRAMEWORK_HEADER = YES;
				CLANG_WARN_RANGE_LOOP_ANALYSIS = YES;
				CLANG_WARN_STRICT_PROTOTYPES = YES;
				CLANG_WARN_SUSPICIOUS_MOVE = YES;
				CLANG_WARN_UNGUARDED_AVAILABILITY = YES_AGGRESSIVE;
				CLANG_WARN_UNREACHABLE_CODE = YES;
				CLANG_WARN__DUPLICATE_METHOD_MATCH = YES;
				COPY_PHASE_STRIP = NO;
				DEBUG_INFORMATION_FORMAT = dwarf;
				ENABLE_STRICT_OBJC_MSGSEND = YES;
				ENABLE_TESTABILITY = YES;
				ENABLE_USER_SCRIPT_SANDBOXING = YES;
				GCC_C_LANGUAGE_STANDARD = gnu17;
				GCC_DYNAMIC_NO_PIC = NO;
				GCC_NO_COMMON_BLOCKS = YES;
				GCC_OPTIMIZATION_LEVEL = 0;
				GCC_PREPROCESSOR_DEFINITIONS = (
					"DEBUG=1",
					"$(inherited)",
				);
				GCC_WARN_64_TO_32_BIT_CONVERSION = YES;
				GCC_WARN_ABOUT_RETURN_TYPE = YES_ERROR;
				GCC_WARN_UNDECLARED_SELECTOR = YES;
				GCC_WARN_UNINITIALIZED_AUTOS = YES_AGGRESSIVE;
				GCC_WARN_UNUSED_FUNCTION = YES;
				GCC_WARN_UNUSED_VARIABLE = YES;
				LOCALIZATION_PREFERS_STRING_CATALOGS = YES;
				MACOSX_DEPLOYMENT_TARGET = 15.1;
				MTL_ENABLE_DEBUG_INFO = INCLUDE_SOURCE;
				MTL_FAST_MATH = YES;
				ONLY_ACTIVE_ARCH = YES;
				SDKROOT = macosx;
				SWIFT_ACTIVE_COMPILATION_CONDITIONS = "DEBUG $(inherited)";
				SWIFT_OPTIMIZATION_LEVEL = "-Onone";
			};
			name = Debug;
		};
		09474C092CF8C3A8007AA4BE /* Release */ = {
			isa = XCBuildConfiguration;
			buildSettings = {
				ALWAYS_SEARCH_USER_PATHS = NO;
				ASSETCATALOG_COMPILER_GENERATE_SWIFT_ASSET_SYMBOL_EXTENSIONS = YES;
				CLANG_ANALYZER_NONNULL = YES;
				CLANG_ANALYZER_NUMBER_OBJECT_CONVERSION = YES_AGGRESSIVE;
				CLANG_CXX_LANGUAGE_STANDARD = "gnu++20";
				CLANG_ENABLE_MODULES = YES;
				CLANG_ENABLE_OBJC_ARC = YES;
				CLANG_ENABLE_OBJC_WEAK = YES;
				CLANG_WARN_BLOCK_CAPTURE_AUTORELEASING = YES;
				CLANG_WARN_BOOL_CONVERSION = YES;
				CLANG_WARN_COMMA = YES;
				CLANG_WARN_CONSTANT_CONVERSION = YES;
				CLANG_WARN_DEPRECATED_OBJC_IMPLEMENTATIONS = YES;
				CLANG_WARN_DIRECT_OBJC_ISA_USAGE = YES_ERROR;
				CLANG_WARN_DOCUMENTATION_COMMENTS = YES;
				CLANG_WARN_EMPTY_BODY = YES;
				CLANG_WARN_ENUM_CONVERSION = YES;
				CLANG_WARN_INFINITE_RECURSION = YES;
				CLANG_WARN_INT_CONVERSION = YES;
				CLANG_WARN_NON_LITERAL_NULL_CONVERSION = YES;
				CLANG_WARN_OBJC_IMPLICIT_RETAIN_SELF = YES;
				CLANG_WARN_OBJC_LITERAL_CONVERSION = YES;
				CLANG_WARN_OBJC_ROOT_CLASS = YES_ERROR;
				CLANG_WARN_QUOTED_INCLUDE_IN_FRAMEWORK_HEADER = YES;
				CLANG_WARN_RANGE_LOOP_ANALYSIS = YES;
				CLANG_WARN_STRICT_PROTOTYPES = YES;
				CLANG_WARN_SUSPICIOUS_MOVE = YES;
				CLANG_WARN_UNGUARDED_AVAILABILITY = YES_AGGRESSIVE;
				CLANG_WARN_UNREACHABLE_CODE = YES;
				CLANG_WARN__DUPLICATE_METHOD_MATCH = YES;
				COPY_PHASE_STRIP = NO;
				DEBUG_INFORMATION_FORMAT = "dwarf-with-dsym";
				ENABLE_NS_ASSERTIONS = NO;
				ENABLE_STRICT_OBJC_MSGSEND = YES;
				ENABLE_USER_SCRIPT_SANDBOXING = YES;
				GCC_C_LANGUAGE_STANDARD = gnu17;
				GCC_NO_COMMON_BLOCKS = YES;
				GCC_WARN_64_TO_32_BIT_CONVERSION = YES;
				GCC_WARN_ABOUT_RETURN_TYPE = YES_ERROR;
				GCC_WARN_UNDECLARED_SELECTOR = YES;
				GCC_WARN_UNINITIALIZED_AUTOS = YES_AGGRESSIVE;
				GCC_WARN_UNUSED_FUNCTION = YES;
				GCC_WARN_UNUSED_VARIABLE = YES;
				LOCALIZATION_PREFERS_STRING_CATALOGS = YES;
				MACOSX_DEPLOYMENT_TARGET = 15.1;
				MTL_ENABLE_DEBUG_INFO = NO;
				MTL_FAST_MATH = YES;
				SDKROOT = macosx;
				SWIFT_COMPILATION_MODE = wholemodule;
			};
			name = Release;
		};
		09474C0B2CF8C3A8007AA4BE /* Debug */ = {
			isa = XCBuildConfiguration;
			buildSettings = {
				ASSETCATALOG_COMPILER_APPICON_NAME = AppIcon;
				ASSETCATALOG_COMPILER_GLOBAL_ACCENT_COLOR_NAME = AccentColor;
				CODE_SIGN_ENTITLEMENTS = sonus/sonus.entitlements;
				CODE_SIGN_IDENTITY = "Apple Development";
				CODE_SIGN_STYLE = Automatic;
				COMBINE_HIDPI_IMAGES = YES;
				CURRENT_PROJECT_VERSION = 1;
				DEVELOPMENT_ASSET_PATHS = "\"sonus/Preview Content\"";
				DEVELOPMENT_TEAM = 6KG7K2WG9J;
				ENABLE_HARDENED_RUNTIME = YES;
				ENABLE_PREVIEWS = YES;
				GENERATE_INFOPLIST_FILE = YES;
				INFOPLIST_FILE = sonus/Info.plist;
				INFOPLIST_KEY_NSHumanReadableCopyright = "";
				LD_RUNPATH_SEARCH_PATHS = (
					"$(inherited)",
					"@executable_path/../Frameworks",
				);
				MARKETING_VERSION = 1.0;
				PRODUCT_BUNDLE_IDENTIFIER = com.fonztara.sonus;
				PRODUCT_NAME = "$(TARGET_NAME)";
				PROVISIONING_PROFILE_SPECIFIER = "";
				SWIFT_EMIT_LOC_STRINGS = YES;
				SWIFT_VERSION = 5.0;
			};
			name = Debug;
		};
		09474C0C2CF8C3A8007AA4BE /* Release */ = {
			isa = XCBuildConfiguration;
			buildSettings = {
				ASSETCATALOG_COMPILER_APPICON_NAME = AppIcon;
				ASSETCATALOG_COMPILER_GLOBAL_ACCENT_COLOR_NAME = AccentColor;
				CODE_SIGN_ENTITLEMENTS = sonus/sonus.entitlements;
				CODE_SIGN_IDENTITY = "Apple Development";
				CODE_SIGN_STYLE = Automatic;
				COMBINE_HIDPI_IMAGES = YES;
				CURRENT_PROJECT_VERSION = 1;
				DEVELOPMENT_ASSET_PATHS = "\"sonus/Preview Content\"";
				DEVELOPMENT_TEAM = 6KG7K2WG9J;
				ENABLE_HARDENED_RUNTIME = YES;
				ENABLE_PREVIEWS = YES;
				GENERATE_INFOPLIST_FILE = YES;
				INFOPLIST_FILE = sonus/Info.plist;
				INFOPLIST_KEY_NSHumanReadableCopyright = "";
				LD_RUNPATH_SEARCH_PATHS = (
					"$(inherited)",
					"@executable_path/../Frameworks",
				);
				MARKETING_VERSION = 1.0;
				PRODUCT_BUNDLE_IDENTIFIER = com.fonztara.sonus;
				PRODUCT_NAME = "$(TARGET_NAME)";
				PROVISIONING_PROFILE_SPECIFIER = "";
				SWIFT_EMIT_LOC_STRINGS = YES;
				SWIFT_VERSION = 5.0;
			};
			name = Release;
		};
		09474C0E2CF8C3A8007AA4BE /* Debug */ = {
			isa = XCBuildConfiguration;
			buildSettings = {
				BUNDLE_LOADER = "$(TEST_HOST)";
				CODE_SIGN_STYLE = Automatic;
				CURRENT_PROJECT_VERSION = 1;
				DEVELOPMENT_TEAM = 6KG7K2WG9J;
				GENERATE_INFOPLIST_FILE = YES;
				MACOSX_DEPLOYMENT_TARGET = 15.1;
				MARKETING_VERSION = 1.0;
				PRODUCT_BUNDLE_IDENTIFIER = com.fonztara.sonusTests;
				PRODUCT_NAME = "$(TARGET_NAME)";
				SWIFT_EMIT_LOC_STRINGS = NO;
				SWIFT_VERSION = 5.0;
				TEST_HOST = "$(BUILT_PRODUCTS_DIR)/sonus.app/$(BUNDLE_EXECUTABLE_FOLDER_PATH)/sonus";
			};
			name = Debug;
		};
		09474C0F2CF8C3A8007AA4BE /* Release */ = {
			isa = XCBuildConfiguration;
			buildSettings = {
				BUNDLE_LOADER = "$(TEST_HOST)";
				CODE_SIGN_STYLE = Automatic;
				CURRENT_PROJECT_VERSION = 1;
				DEVELOPMENT_TEAM = 6KG7K2WG9J;
				GENERATE_INFOPLIST_FILE = YES;
				MACOSX_DEPLOYMENT_TARGET = 15.1;
				MARKETING_VERSION = 1.0;
				PRODUCT_BUNDLE_IDENTIFIER = com.fonztara.sonusTests;
				PRODUCT_NAME = "$(TARGET_NAME)";
				SWIFT_EMIT_LOC_STRINGS = NO;
				SWIFT_VERSION = 5.0;
				TEST_HOST = "$(BUILT_PRODUCTS_DIR)/sonus.app/$(BUNDLE_EXECUTABLE_FOLDER_PATH)/sonus";
			};
			name = Release;
		};
		09474C112CF8C3A8007AA4BE /* Debug */ = {
			isa = XCBuildConfiguration;
			buildSettings = {
				CODE_SIGN_STYLE = Automatic;
				CURRENT_PROJECT_VERSION = 1;
				DEVELOPMENT_TEAM = 6KG7K2WG9J;
				GENERATE_INFOPLIST_FILE = YES;
				MARKETING_VERSION = 1.0;
				PRODUCT_BUNDLE_IDENTIFIER = com.fonztara.sonusUITests;
				PRODUCT_NAME = "$(TARGET_NAME)";
				SWIFT_EMIT_LOC_STRINGS = NO;
				SWIFT_VERSION = 5.0;
				TEST_TARGET_NAME = sonus;
			};
			name = Debug;
		};
		09474C122CF8C3A8007AA4BE /* Release */ = {
			isa = XCBuildConfiguration;
			buildSettings = {
				CODE_SIGN_STYLE = Automatic;
				CURRENT_PROJECT_VERSION = 1;
				DEVELOPMENT_TEAM = 6KG7K2WG9J;
				GENERATE_INFOPLIST_FILE = YES;
				MARKETING_VERSION = 1.0;
				PRODUCT_BUNDLE_IDENTIFIER = com.fonztara.sonusUITests;
				PRODUCT_NAME = "$(TARGET_NAME)";
				SWIFT_EMIT_LOC_STRINGS = NO;
				SWIFT_VERSION = 5.0;
				TEST_TARGET_NAME = sonus;
			};
			name = Release;
		};
/* End XCBuildConfiguration section */

/* Begin XCConfigurationList section */
		09474BE02CF8C3A6007AA4BE /* Build configuration list for PBXProject "sonus" */ = {
			isa = XCConfigurationList;
			buildConfigurations = (
				09474C082CF8C3A8007AA4BE /* Debug */,
				09474C092CF8C3A8007AA4BE /* Release */,
			);
			defaultConfigurationIsVisible = 0;
			defaultConfigurationName = Release;
		};
		09474C0A2CF8C3A8007AA4BE /* Build configuration list for PBXNativeTarget "sonus" */ = {
			isa = XCConfigurationList;
			buildConfigurations = (
				09474C0B2CF8C3A8007AA4BE /* Debug */,
				09474C0C2CF8C3A8007AA4BE /* Release */,
			);
			defaultConfigurationIsVisible = 0;
			defaultConfigurationName = Release;
		};
		09474C0D2CF8C3A8007AA4BE /* Build configuration list for PBXNativeTarget "sonusTests" */ = {
			isa = XCConfigurationList;
			buildConfigurations = (
				09474C0E2CF8C3A8007AA4BE /* Debug */,
				09474C0F2CF8C3A8007AA4BE /* Release */,
			);
			defaultConfigurationIsVisible = 0;
			defaultConfigurationName = Release;
		};
		09474C102CF8C3A8007AA4BE /* Build configuration list for PBXNativeTarget "sonusUITests" */ = {
			isa = XCConfigurationList;
			buildConfigurations = (
				09474C112CF8C3A8007AA4BE /* Debug */,
				09474C122CF8C3A8007AA4BE /* Release */,
			);
			defaultConfigurationIsVisible = 0;
			defaultConfigurationName = Release;
		};
/* End XCConfigurationList section */

/* Begin XCRemoteSwiftPackageReference section */
		098CAF222D048CFA00EA3177 /* XCRemoteSwiftPackageReference "KeyboardShortcuts" */ = {
			isa = XCRemoteSwiftPackageReference;
			repositoryURL = "https://github.com/sindresorhus/KeyboardShortcuts";
			requirement = {
				kind = upToNextMajorVersion;
				minimumVersion = 2.2.2;
			};
		};
/* End XCRemoteSwiftPackageReference section */

/* Begin XCSwiftPackageProductDependency section */
		098CAF232D048CFA00EA3177 /* KeyboardShortcuts */ = {
			isa = XCSwiftPackageProductDependency;
			package = 098CAF222D048CFA00EA3177 /* XCRemoteSwiftPackageReference "KeyboardShortcuts" */;
			productName = KeyboardShortcuts;
		};
/* End XCSwiftPackageProductDependency section */
	};
	rootObject = 09474BDD2CF8C3A6007AA4BE /* Project object */;
}
